{
  "version": 4,
  "terraform_version": "1.10.5",
  "serial": 59,
  "lineage": "29055628-883c-aaf5-70d5-d7c437a803c2",
  "outputs": {
    "cluster_id": {
      "value": "bhuvan-cluster",
      "type": "string"
    },
    "node_group_id": {
      "value": "bhuvan-cluster:bhuvan-node-group",
      "type": "string"
    },
    "subnet_ids": {
      "value": [
        "subnet-07f0ce70abe61704e",
        "subnet-0b1e00d02b03adda9"
      ],
      "type": [
        "tuple",
        [
          "string",
          "string"
        ]
      ]
    },
    "vpc_id": {
      "value": "vpc-0d0d2800db21e7aa4",
      "type": "string"
    }
  },
  "resources": [
    {
      "mode": "managed",
      "type": "aws_eks_cluster",
      "name": "bhuvan",
      "provider": "provider[\"registry.terraform.io/hashicorp/aws\"]",
      "instances": [
        {
          "schema_version": 1,
          "attributes": {
            "access_config": [
              {
                "authentication_mode": "CONFIG_MAP",
                "bootstrap_cluster_creator_admin_permissions": true
              }
            ],
            "arn": "arn:aws:eks:ca-central-1:145023132560:cluster/bhuvan-cluster",
            "bootstrap_self_managed_addons": true,
            "certificate_authority": [
              {
                "data": "LS0tLS1CRUdJTiBDRVJUSUZJQ0FURS0tLS0tCk1JSURCVENDQWUyZ0F3SUJBZ0lJQnc3ZmYyWnpBRVF3RFFZSktvWklodmNOQVFFTEJRQXdGVEVUTUJFR0ExVUUKQXhNS2EzVmlaWEp1WlhSbGN6QWVGdzB5TlRBM01qZ3lNakUyTkRWYUZ3MHpOVEEzTWpZeU1qSXhORFZhTUJVeApFekFSQmdOVkJBTVRDbXQxWW1WeWJtVjBaWE13Z2dFaU1BMEdDU3FHU0liM0RRRUJBUVVBQTRJQkR3QXdnZ0VLCkFvSUJBUUM2Tm1jWnhodjhGdUhob0Jva3psUXpVZUkrc05TWjhERFNWcUJncUFkL1VZRm45cE9vTzdmS2JUNUEKVFZveUEwQ05HaG1kSEZ6TG9YQnVsVjVhY2swMVA0VjBwR2paL1JIcXR5OWtVQTNqbSt6dWh3S2ZKRzdJT2RXNQpacjE1QVVzcDUrR0dvc041SWQyMGpDeXZZdVJ4elJPVEd3T0haekQyaG9xZFJoMVlaUGJCd1l0WVk4Q3FneG9nCmdkRlNaQUdUSExKOEFmNUJQOExtOE8rRnRuWjN2UHhoNjdJVUkyMnpyMm1pVHk2LzBVZkRrbk9YN3RjTCs1RWoKTHVhdmVIdEoycHl6Nzk2NGFMRUNUTXV5eDRlUHQya2ZpcHhrelBWUlpYanVRMkNJUSt1MjhNRUh4NFkvUXVGbwpoWm1ic0lheitjdENCZXZhdy93b3VjdUZvTE9MQWdNQkFBR2pXVEJYTUE0R0ExVWREd0VCL3dRRUF3SUNwREFQCkJnTlZIUk1CQWY4RUJUQURBUUgvTUIwR0ExVWREZ1FXQkJUSzl0dFVnSng3YzlyanpBU3EyVG04cWxvVG1UQVYKQmdOVkhSRUVEakFNZ2dwcmRXSmxjbTVsZEdWek1BMEdDU3FHU0liM0RRRUJDd1VBQTRJQkFRQW9CS1Z6R0FiZgpIUGdBdlZyd0ZhTXVkaW1oZW9HbTRiaVdjTUtUNUJtYWdoakxwYTFuRDZPWUFhNzV5Rm41QnphY3V2NVJFZ2tqCnczamFOckptN1RBck9MS2xER0o4MHpjUGJxL3RKTWNVU2JiaXQrTHpNdXdXYXdObWNtVFpPRDFuWmo4YmFTemwKTWtCNVRURVJoQ1FxSjF0dnhyQ3FlcS9wTUNPSzJlOUltYW9KRjZMbzJSSTIwME5TbEF6NE1xZE9NbTc4bXFEMApFQmtTdlgzb1lXaDRneVp3aDhHcG9tOE9SOGhJeGcvRDJmRGVJQndCU0c5T0N4UFp2Z0ZFUlM3aFBkZmt4MlplCkVSZ3V5SlpocGJJZUZJTzlxTXFpdUVzZFI1Zm1MQlJGUDN4Z0VhSnE0c3JHNkxGNWwrK2xxVWhZZXZiL2RjLzMKMFZWbUFzcThwbW5yCi0tLS0tRU5EIENFUlRJRklDQVRFLS0tLS0K"
              }
            ],
            "cluster_id": null,
            "compute_config": [],
            "created_at": "2025-07-28T22:17:29Z",
            "enabled_cluster_log_types": null,
            "encryption_config": [],
            "endpoint": "https://5B5EF835E4AB6C00E01613250A4DDD7E.gr7.ca-central-1.eks.amazonaws.com",
            "force_update_version": null,
            "id": "bhuvan-cluster",
            "identity": [
              {
                "oidc": [
                  {
                    "issuer": "https://oidc.eks.ca-central-1.amazonaws.com/id/5B5EF835E4AB6C00E01613250A4DDD7E"
                  }
                ]
              }
            ],
            "kubernetes_network_config": [
              {
                "elastic_load_balancing": [
                  {
                    "enabled": false
                  }
                ],
                "ip_family": "ipv4",
                "service_ipv4_cidr": "172.20.0.0/16",
                "service_ipv6_cidr": ""
              }
            ],
            "name": "bhuvan-cluster",
            "outpost_config": [],
            "platform_version": "eks.6",
            "region": "ca-central-1",
            "remote_network_config": [],
            "role_arn": "arn:aws:iam::145023132560:role/bhuvan-cluster-role",
            "status": "ACTIVE",
            "storage_config": [],
            "tags": null,
            "tags_all": {},
            "timeouts": null,
            "upgrade_policy": [
              {
                "support_type": "EXTENDED"
              }
            ],
            "version": "1.33",
            "vpc_config": [
              {
                "cluster_security_group_id": "sg-0927d7b876d5da6fa",
                "endpoint_private_access": false,
                "endpoint_public_access": true,
                "public_access_cidrs": [
                  "0.0.0.0/0"
                ],
                "security_group_ids": [
                  "sg-00dee0069dbef3fca"
                ],
                "subnet_ids": [
                  "subnet-07f0ce70abe61704e",
                  "subnet-0b1e00d02b03adda9"
                ],
                "vpc_id": "vpc-0d0d2800db21e7aa4"
              }
            ],
            "zonal_shift_config": []
          },
          "sensitive_attributes": [],
          "private": "eyJlMmJmYjczMC1lY2FhLTExZTYtOGY4OC0zNDM2M2JjN2M0YzAiOnsiY3JlYXRlIjoxODAwMDAwMDAwMDAwLCJkZWxldGUiOjkwMDAwMDAwMDAwMCwidXBkYXRlIjozNjAwMDAwMDAwMDAwfSwic2NoZW1hX3ZlcnNpb24iOiIxIn0=",
          "dependencies": [
            "aws_iam_role.bhuvan_cluster_role",
            "aws_security_group.bhuvan_cluster_sg",
            "aws_subnet.bhuvan_subnet",
            "aws_vpc.bhuvan_vpc"
          ]
        }
      ]
    },
    {
      "mode": "managed",
      "type": "aws_eks_node_group",
      "name": "bhuvan",
      "provider": "provider[\"registry.terraform.io/hashicorp/aws\"]",
      "instances": [
        {
          "schema_version": 0,
          "attributes": {
            "ami_type": "AL2023_x86_64_STANDARD",
            "arn": "arn:aws:eks:ca-central-1:145023132560:nodegroup/bhuvan-cluster/bhuvan-node-group/5ccc2991-2f21-e43e-8303-a0adff1acc14",
            "capacity_type": "ON_DEMAND",
            "cluster_name": "bhuvan-cluster",
            "disk_size": 20,
            "force_update_version": null,
            "id": "bhuvan-cluster:bhuvan-node-group",
            "instance_types": [
              "t2.medium"
            ],
            "labels": null,
            "launch_template": [],
            "node_group_name": "bhuvan-node-group",
            "node_group_name_prefix": "",
            "node_repair_config": [],
            "node_role_arn": "arn:aws:iam::145023132560:role/bhuvan-node-group-role",
            "region": "ca-central-1",
            "release_version": "1.33.0-20250715",
            "remote_access": [
              {
                "ec2_ssh_key": "Docker_Canada",
                "source_security_group_ids": [
                  "sg-06d2f39c3cf3e6246"
                ]
              }
            ],
            "resources": [
              {
                "autoscaling_groups": [
                  {
                    "name": "eks-bhuvan-node-group-5ccc2991-2f21-e43e-8303-a0adff1acc14"
                  }
                ],
                "remote_access_security_group_id": "sg-040f236be5c72acec"
              }
            ],
            "scaling_config": [
              {
                "desired_size": 3,
                "max_size": 3,
                "min_size": 3
              }
            ],
            "status": "ACTIVE",
            "subnet_ids": [
              "subnet-07f0ce70abe61704e",
              "subnet-0b1e00d02b03adda9"
            ],
            "tags": null,
            "tags_all": {},
            "taint": [],
            "timeouts": null,
            "update_config": [
              {
                "max_unavailable": 1,
                "max_unavailable_percentage": 0
              }
            ],
            "version": "1.33"
          },
          "sensitive_attributes": [],
          "private": "eyJlMmJmYjczMC1lY2FhLTExZTYtOGY4OC0zNDM2M2JjN2M0YzAiOnsiY3JlYXRlIjozNjAwMDAwMDAwMDAwLCJkZWxldGUiOjM2MDAwMDAwMDAwMDAsInVwZGF0ZSI6MzYwMDAwMDAwMDAwMH19",
          "dependencies": [
            "aws_eks_cluster.bhuvan",
            "aws_iam_role.bhuvan_cluster_role",
            "aws_iam_role.bhuvan_node_group_role",
            "aws_security_group.bhuvan_cluster_sg",
            "aws_security_group.bhuvan_node_sg",
            "aws_subnet.bhuvan_subnet",
            "aws_vpc.bhuvan_vpc"
          ]
        }
      ]
    },
    {
      "mode": "managed",
      "type": "aws_iam_role",
      "name": "bhuvan_cluster_role",
      "provider": "provider[\"registry.terraform.io/hashicorp/aws\"]",
      "instances": [
        {
          "schema_version": 0,
          "attributes": {
            "arn": "arn:aws:iam::145023132560:role/bhuvan-cluster-role",
            "assume_role_policy": "{\"Statement\":[{\"Action\":\"sts:AssumeRole\",\"Effect\":\"Allow\",\"Principal\":{\"Service\":\"eks.amazonaws.com\"}}],\"Version\":\"2012-10-17\"}",
            "create_date": "2025-07-28T22:17:14Z",
            "description": "",
            "force_detach_policies": false,
            "id": "bhuvan-cluster-role",
            "inline_policy": [],
            "managed_policy_arns": [],
            "max_session_duration": 3600,
            "name": "bhuvan-cluster-role",
            "name_prefix": "",
            "path": "/",
            "permissions_boundary": "",
            "tags": null,
            "tags_all": {},
            "unique_id": "AROASDRANMOIHFYRZ75HL"
          },
          "sensitive_attributes": [],
          "private": "bnVsbA=="
        }
      ]
    },
    {
      "mode": "managed",
      "type": "aws_iam_role",
      "name": "bhuvan_node_group_role",
      "provider": "provider[\"registry.terraform.io/hashicorp/aws\"]",
      "instances": [
        {
          "schema_version": 0,
          "attributes": {
            "arn": "arn:aws:iam::145023132560:role/bhuvan-node-group-role",
            "assume_role_policy": "{\"Statement\":[{\"Action\":\"sts:AssumeRole\",\"Effect\":\"Allow\",\"Principal\":{\"Service\":\"ec2.amazonaws.com\"}}],\"Version\":\"2012-10-17\"}",
            "create_date": "2025-07-28T22:17:14Z",
            "description": "",
            "force_detach_policies": false,
            "id": "bhuvan-node-group-role",
            "inline_policy": [],
            "managed_policy_arns": [],
            "max_session_duration": 3600,
            "name": "bhuvan-node-group-role",
            "name_prefix": "",
            "path": "/",
            "permissions_boundary": "",
            "tags": null,
            "tags_all": {},
            "unique_id": "AROASDRANMOIAT5DNHRVX"
          },
          "sensitive_attributes": [],
          "private": "bnVsbA=="
        }
      ]
    },
    {
      "mode": "managed",
      "type": "aws_iam_role_policy_attachment",
      "name": "bhuvan_cluster_role_policy",
      "provider": "provider[\"registry.terraform.io/hashicorp/aws\"]",
      "instances": [
        {
          "schema_version": 0,
          "attributes": {
            "id": "bhuvan-cluster-role/arn:aws:iam::aws:policy/AmazonEKSClusterPolicy",
            "policy_arn": "arn:aws:iam::aws:policy/AmazonEKSClusterPolicy",
            "role": "bhuvan-cluster-role"
          },
          "sensitive_attributes": [],
          "private": "bnVsbA==",
          "dependencies": [
            "aws_iam_role.bhuvan_cluster_role"
          ]
        }
      ]
    },
    {
      "mode": "managed",
      "type": "aws_iam_role_policy_attachment",
      "name": "bhuvan_node_group_cni_policy",
      "provider": "provider[\"registry.terraform.io/hashicorp/aws\"]",
      "instances": [
        {
          "schema_version": 0,
          "attributes": {
            "id": "bhuvan-node-group-role/arn:aws:iam::aws:policy/AmazonEKS_CNI_Policy",
            "policy_arn": "arn:aws:iam::aws:policy/AmazonEKS_CNI_Policy",
            "role": "bhuvan-node-group-role"
          },
          "sensitive_attributes": [],
          "private": "bnVsbA==",
          "dependencies": [
            "aws_iam_role.bhuvan_node_group_role"
          ]
        }
      ]
    },
    {
      "mode": "managed",
      "type": "aws_iam_role_policy_attachment",
      "name": "bhuvan_node_group_registry_policy",
      "provider": "provider[\"registry.terraform.io/hashicorp/aws\"]",
      "instances": [
        {
          "schema_version": 0,
          "attributes": {
            "id": "bhuvan-node-group-role/arn:aws:iam::aws:policy/AmazonEC2ContainerRegistryReadOnly",
            "policy_arn": "arn:aws:iam::aws:policy/AmazonEC2ContainerRegistryReadOnly",
            "role": "bhuvan-node-group-role"
          },
          "sensitive_attributes": [],
          "private": "bnVsbA==",
          "dependencies": [
            "aws_iam_role.bhuvan_node_group_role"
          ]
        }
      ]
    },
    {
      "mode": "managed",
      "type": "aws_iam_role_policy_attachment",
      "name": "bhuvan_node_group_role_policy",
      "provider": "provider[\"registry.terraform.io/hashicorp/aws\"]",
      "instances": [
        {
          "schema_version": 0,
          "attributes": {
            "id": "bhuvan-node-group-role/arn:aws:iam::aws:policy/AmazonEKSWorkerNodePolicy",
            "policy_arn": "arn:aws:iam::aws:policy/AmazonEKSWorkerNodePolicy",
            "role": "bhuvan-node-group-role"
          },
          "sensitive_attributes": [],
          "private": "bnVsbA==",
          "dependencies": [
            "aws_iam_role.bhuvan_node_group_role"
          ]
        }
      ]
    },
    {
      "mode": "managed",
      "type": "aws_internet_gateway",
      "name": "bhuvan_igw",
      "provider": "provider[\"registry.terraform.io/hashicorp/aws\"]",
      "instances": [
        {
          "schema_version": 0,
          "attributes": {
            "arn": "arn:aws:ec2:ca-central-1:145023132560:internet-gateway/igw-0f611aadd4fe8d0e6",
            "id": "igw-0f611aadd4fe8d0e6",
            "owner_id": "145023132560",
            "region": "ca-central-1",
            "tags": {
              "Name": "bhuvan-igw"
            },
            "tags_all": {
              "Name": "bhuvan-igw"
            },
            "timeouts": null,
            "vpc_id": "vpc-0d0d2800db21e7aa4"
          },
          "sensitive_attributes": [],
          "private": "eyJlMmJmYjczMC1lY2FhLTExZTYtOGY4OC0zNDM2M2JjN2M0YzAiOnsiY3JlYXRlIjoxMjAwMDAwMDAwMDAwLCJkZWxldGUiOjEyMDAwMDAwMDAwMDAsInVwZGF0ZSI6MTIwMDAwMDAwMDAwMH19",
          "dependencies": [
            "aws_vpc.bhuvan_vpc"
          ]
        }
      ]
    },
    {
      "mode": "managed",
      "type": "aws_route_table",
      "name": "bhuvan_route_table",
      "provider": "provider[\"registry.terraform.io/hashicorp/aws\"]",
      "instances": [
        {
          "schema_version": 0,
          "attributes": {
            "arn": "arn:aws:ec2:ca-central-1:145023132560:route-table/rtb-054d3f5d246b2b38d",
            "id": "rtb-054d3f5d246b2b38d",
            "owner_id": "145023132560",
            "propagating_vgws": [],
            "region": "ca-central-1",
            "route": [
              {
                "carrier_gateway_id": "",
                "cidr_block": "0.0.0.0/0",
                "core_network_arn": "",
                "destination_prefix_list_id": "",
                "egress_only_gateway_id": "",
                "gateway_id": "igw-0f611aadd4fe8d0e6",
                "ipv6_cidr_block": "",
                "local_gateway_id": "",
                "nat_gateway_id": "",
                "network_interface_id": "",
                "transit_gateway_id": "",
                "vpc_endpoint_id": "",
                "vpc_peering_connection_id": ""
              }
            ],
            "tags": {
              "Name": "bhuvan-route-table"
            },
            "tags_all": {
              "Name": "bhuvan-route-table"
            },
            "timeouts": null,
            "vpc_id": "vpc-0d0d2800db21e7aa4"
          },
          "sensitive_attributes": [],
          "private": "eyJlMmJmYjczMC1lY2FhLTExZTYtOGY4OC0zNDM2M2JjN2M0YzAiOnsiY3JlYXRlIjozMDAwMDAwMDAwMDAsImRlbGV0ZSI6MzAwMDAwMDAwMDAwLCJ1cGRhdGUiOjEyMDAwMDAwMDAwMH19",
          "dependencies": [
            "aws_internet_gateway.bhuvan_igw",
            "aws_vpc.bhuvan_vpc"
          ]
        }
      ]
    },
    {
      "mode": "managed",
      "type": "aws_route_table_association",
      "name": "a",
      "provider": "provider[\"registry.terraform.io/hashicorp/aws\"]",
      "instances": [
        {
          "index_key": 0,
          "schema_version": 0,
          "attributes": {
            "gateway_id": "",
            "id": "rtbassoc-08e37d9463b41b0c6",
            "region": "ca-central-1",
            "route_table_id": "rtb-054d3f5d246b2b38d",
            "subnet_id": "subnet-07f0ce70abe61704e",
            "timeouts": null
          },
          "sensitive_attributes": [],
          "private": "eyJlMmJmYjczMC1lY2FhLTExZTYtOGY4OC0zNDM2M2JjN2M0YzAiOnsiY3JlYXRlIjozMDAwMDAwMDAwMDAsImRlbGV0ZSI6MzAwMDAwMDAwMDAwLCJ1cGRhdGUiOjEyMDAwMDAwMDAwMH19",
          "dependencies": [
            "aws_internet_gateway.bhuvan_igw",
            "aws_route_table.bhuvan_route_table",
            "aws_subnet.bhuvan_subnet",
            "aws_vpc.bhuvan_vpc"
          ]
        },
        {
          "index_key": 1,
          "schema_version": 0,
          "attributes": {
            "gateway_id": "",
            "id": "rtbassoc-07f40872936e40a27",
            "region": "ca-central-1",
            "route_table_id": "rtb-054d3f5d246b2b38d",
            "subnet_id": "subnet-0b1e00d02b03adda9",
            "timeouts": null
          },
          "sensitive_attributes": [],
          "private": "eyJlMmJmYjczMC1lY2FhLTExZTYtOGY4OC0zNDM2M2JjN2M0YzAiOnsiY3JlYXRlIjozMDAwMDAwMDAwMDAsImRlbGV0ZSI6MzAwMDAwMDAwMDAwLCJ1cGRhdGUiOjEyMDAwMDAwMDAwMH19",
          "dependencies": [
            "aws_internet_gateway.bhuvan_igw",
            "aws_route_table.bhuvan_route_table",
            "aws_subnet.bhuvan_subnet",
            "aws_vpc.bhuvan_vpc"
          ]
        }
      ]
    },
    {
      "mode": "managed",
      "type": "aws_security_group",
      "name": "bhuvan_cluster_sg",
      "provider": "provider[\"registry.terraform.io/hashicorp/aws\"]",
      "instances": [
        {
          "schema_version": 1,
          "attributes": {
            "arn": "arn:aws:ec2:ca-central-1:145023132560:security-group/sg-00dee0069dbef3fca",
            "description": "Managed by Terraform",
            "egress": [
              {
                "cidr_blocks": [
                  "0.0.0.0/0"
                ],
                "description": "",
                "from_port": 0,
                "ipv6_cidr_blocks": [],
                "prefix_list_ids": [],
                "protocol": "-1",
                "security_groups": [],
                "self": false,
                "to_port": 0
              }
            ],
            "id": "sg-00dee0069dbef3fca",
            "ingress": [],
            "name": "terraform-20250728221715153100000001",
            "name_prefix": "terraform-",
            "owner_id": "145023132560",
            "region": "ca-central-1",
            "revoke_rules_on_delete": false,
            "tags": {
              "Name": "bhuvan-cluster-sg"
            },
            "tags_all": {
              "Name": "bhuvan-cluster-sg"
            },
            "timeouts": null,
            "vpc_id": "vpc-0d0d2800db21e7aa4"
          },
          "sensitive_attributes": [],
          "private": "eyJlMmJmYjczMC1lY2FhLTExZTYtOGY4OC0zNDM2M2JjN2M0YzAiOnsiY3JlYXRlIjo2MDAwMDAwMDAwMDAsImRlbGV0ZSI6OTAwMDAwMDAwMDAwfSwic2NoZW1hX3ZlcnNpb24iOiIxIn0=",
          "dependencies": [
            "aws_vpc.bhuvan_vpc"
          ]
        }
      ]
    },
    {
      "mode": "managed",
      "type": "aws_security_group",
      "name": "bhuvan_node_sg",
      "provider": "provider[\"registry.terraform.io/hashicorp/aws\"]",
      "instances": [
        {
          "schema_version": 1,
          "attributes": {
            "arn": "arn:aws:ec2:ca-central-1:145023132560:security-group/sg-06d2f39c3cf3e6246",
            "description": "Managed by Terraform",
            "egress": [
              {
                "cidr_blocks": [
                  "0.0.0.0/0"
                ],
                "description": "",
                "from_port": 0,
                "ipv6_cidr_blocks": [],
                "prefix_list_ids": [],
                "protocol": "-1",
                "security_groups": [],
                "self": false,
                "to_port": 0
              }
            ],
            "id": "sg-06d2f39c3cf3e6246",
            "ingress": [
              {
                "cidr_blocks": [
                  "0.0.0.0/0"
                ],
                "description": "",
                "from_port": 0,
                "ipv6_cidr_blocks": [],
                "prefix_list_ids": [],
                "protocol": "-1",
                "security_groups": [],
                "self": false,
                "to_port": 0
              }
            ],
            "name": "terraform-20250728221715153600000002",
            "name_prefix": "terraform-",
            "owner_id": "145023132560",
            "region": "ca-central-1",
            "revoke_rules_on_delete": false,
            "tags": {
              "Name": "bhuvan-node-sg"
            },
            "tags_all": {
              "Name": "bhuvan-node-sg"
            },
            "timeouts": null,
            "vpc_id": "vpc-0d0d2800db21e7aa4"
          },
          "sensitive_attributes": [],
          "private": "eyJlMmJmYjczMC1lY2FhLTExZTYtOGY4OC0zNDM2M2JjN2M0YzAiOnsiY3JlYXRlIjo2MDAwMDAwMDAwMDAsImRlbGV0ZSI6OTAwMDAwMDAwMDAwfSwic2NoZW1hX3ZlcnNpb24iOiIxIn0=",
          "dependencies": [
            "aws_vpc.bhuvan_vpc"
          ]
        }
      ]
    },
    {
      "mode": "managed",
      "type": "aws_subnet",
      "name": "bhuvan_subnet",
      "provider": "provider[\"registry.terraform.io/hashicorp/aws\"]",
      "instances": [
        {
          "index_key": 0,
          "schema_version": 1,
          "attributes": {
            "arn": "arn:aws:ec2:ca-central-1:145023132560:subnet/subnet-07f0ce70abe61704e",
            "assign_ipv6_address_on_creation": false,
            "availability_zone": "ca-central-1a",
            "availability_zone_id": "cac1-az1",
            "cidr_block": "10.0.0.0/24",
            "customer_owned_ipv4_pool": "",
            "enable_dns64": false,
            "enable_lni_at_device_index": 0,
            "enable_resource_name_dns_a_record_on_launch": false,
            "enable_resource_name_dns_aaaa_record_on_launch": false,
            "id": "subnet-07f0ce70abe61704e",
            "ipv6_cidr_block": "",
            "ipv6_cidr_block_association_id": "",
            "ipv6_native": false,
            "map_customer_owned_ip_on_launch": false,
            "map_public_ip_on_launch": true,
            "outpost_arn": "",
            "owner_id": "145023132560",
            "private_dns_hostname_type_on_launch": "ip-name",
            "region": "ca-central-1",
            "tags": {
              "Name": "bhuvan-subnet-0"
            },
            "tags_all": {
              "Name": "bhuvan-subnet-0"
            },
            "timeouts": null,
            "vpc_id": "vpc-0d0d2800db21e7aa4"
          },
          "sensitive_attributes": [],
          "private": "eyJlMmJmYjczMC1lY2FhLTExZTYtOGY4OC0zNDM2M2JjN2M0YzAiOnsiY3JlYXRlIjo2MDAwMDAwMDAwMDAsImRlbGV0ZSI6MTIwMDAwMDAwMDAwMH0sInNjaGVtYV92ZXJzaW9uIjoiMSJ9",
          "dependencies": [
            "aws_vpc.bhuvan_vpc"
          ]
        },
        {
          "index_key": 1,
          "schema_version": 1,
          "attributes": {
            "arn": "arn:aws:ec2:ca-central-1:145023132560:subnet/subnet-0b1e00d02b03adda9",
            "assign_ipv6_address_on_creation": false,
            "availability_zone": "ca-central-1b",
            "availability_zone_id": "cac1-az2",
            "cidr_block": "10.0.1.0/24",
            "customer_owned_ipv4_pool": "",
            "enable_dns64": false,
            "enable_lni_at_device_index": 0,
            "enable_resource_name_dns_a_record_on_launch": false,
            "enable_resource_name_dns_aaaa_record_on_launch": false,
            "id": "subnet-0b1e00d02b03adda9",
            "ipv6_cidr_block": "",
            "ipv6_cidr_block_association_id": "",
            "ipv6_native": false,
            "map_customer_owned_ip_on_launch": false,
            "map_public_ip_on_launch": true,
            "outpost_arn": "",
            "owner_id": "145023132560",
            "private_dns_hostname_type_on_launch": "ip-name",
            "region": "ca-central-1",
            "tags": {
              "Name": "bhuvan-subnet-1"
            },
            "tags_all": {
              "Name": "bhuvan-subnet-1"
            },
            "timeouts": null,
            "vpc_id": "vpc-0d0d2800db21e7aa4"
          },
          "sensitive_attributes": [],
          "private": "eyJlMmJmYjczMC1lY2FhLTExZTYtOGY4OC0zNDM2M2JjN2M0YzAiOnsiY3JlYXRlIjo2MDAwMDAwMDAwMDAsImRlbGV0ZSI6MTIwMDAwMDAwMDAwMH0sInNjaGVtYV92ZXJzaW9uIjoiMSJ9",
          "dependencies": [
            "aws_vpc.bhuvan_vpc"
          ]
        }
      ]
    },
    {
      "mode": "managed",
      "type": "aws_vpc",
      "name": "bhuvan_vpc",
      "provider": "provider[\"registry.terraform.io/hashicorp/aws\"]",
      "instances": [
        {
          "schema_version": 1,
          "attributes": {
            "arn": "arn:aws:ec2:ca-central-1:145023132560:vpc/vpc-0d0d2800db21e7aa4",
            "assign_generated_ipv6_cidr_block": false,
            "cidr_block": "10.0.0.0/16",
            "default_network_acl_id": "acl-0981d2b80f1e0725d",
            "default_route_table_id": "rtb-07ffc5ebaa64a6f54",
            "default_security_group_id": "sg-079967e3c4aade73e",
            "dhcp_options_id": "dopt-031493c77c877cf17",
            "enable_dns_hostnames": false,
            "enable_dns_support": true,
            "enable_network_address_usage_metrics": false,
            "id": "vpc-0d0d2800db21e7aa4",
            "instance_tenancy": "default",
            "ipv4_ipam_pool_id": null,
            "ipv4_netmask_length": null,
            "ipv6_association_id": "",
            "ipv6_cidr_block": "",
            "ipv6_cidr_block_network_border_group": "",
            "ipv6_ipam_pool_id": "",
            "ipv6_netmask_length": 0,
            "main_route_table_id": "rtb-07ffc5ebaa64a6f54",
            "owner_id": "145023132560",
            "region": "ca-central-1",
            "tags": {
              "Name": "bhuvan-vpc"
            },
            "tags_all": {
              "Name": "bhuvan-vpc"
            }
          },
          "sensitive_attributes": [],
          "private": "eyJzY2hlbWFfdmVyc2lvbiI6IjEifQ=="
        }
      ]
    }
  ],
  "check_results": null
}
